{
  "version": 4,
  "terraform_version": "1.3.7",
  "serial": 20,
  "lineage": "dd91dbc0-e3b3-383b-232f-19be3723c58c",
  "outputs": {},
  "resources": [
    {
      "mode": "managed",
      "type": "huaweicloud_vpc",
      "name": "featbit_vpc",
      "provider": "provider[\"registry.terraform.io/huaweicloud/huaweicloud\"]",
      "instances": [
        {
          "schema_version": 0,
          "attributes": {
            "cidr": "192.168.0.0/16",
            "enterprise_project_id": "0",
            "id": "52cb79e1-9a49-4616-8a6c-854665a4452c",
            "name": "featbit_vpc",
            "region": "cn-north-4",
            "routes": [],
            "shared": null,
            "status": "OK",
            "tags": {},
            "timeouts": null
          },
          "sensitive_attributes": [],
          "private": "eyJlMmJmYjczMC1lY2FhLTExZTYtOGY4OC0zNDM2M2JjN2M0YzAiOnsiY3JlYXRlIjo2MDAwMDAwMDAwMDAsImRlbGV0ZSI6MTgwMDAwMDAwMDAwfX0="
        }
      ]
    },
    {
      "mode": "managed",
      "type": "huaweicloud_vpc_eip",
      "name": "featbit_eip",
      "provider": "provider[\"registry.terraform.io/huaweicloud/huaweicloud\"]",
      "instances": [
        {
          "schema_version": 0,
          "attributes": {
            "address": "120.46.209.126",
            "auto_renew": null,
            "bandwidth": [
              {
                "charge_mode": "traffic",
                "id": "bfce663b-dfe1-4899-b78c-0f41b356b2d2",
                "name": "featbit_eip_bandwidth",
                "share_type": "PER",
                "size": 3
              }
            ],
            "charging_mode": null,
            "enterprise_project_id": "0",
            "id": "3580facd-f3bc-435a-a2b7-90a8835b7cf3",
            "period": null,
            "period_unit": null,
            "publicip": [
              {
                "ip_address": "120.46.209.126",
                "port_id": "",
                "type": "5_bgp"
              }
            ],
            "region": "cn-north-4",
            "status": "UNBOUND",
            "tags": {},
            "timeouts": null
          },
          "sensitive_attributes": [],
          "private": "eyJlMmJmYjczMC1lY2FhLTExZTYtOGY4OC0zNDM2M2JjN2M0YzAiOnsiY3JlYXRlIjo2MDAwMDAwMDAwMDAsImRlbGV0ZSI6NjAwMDAwMDAwMDAwfX0="
        }
      ]
    },
    {
      "mode": "managed",
      "type": "huaweicloud_vpc_subnet",
      "name": "featbit_vpc_subnet_0",
      "provider": "provider[\"registry.terraform.io/huaweicloud/huaweicloud\"]",
      "instances": [
        {
          "schema_version": 0,
          "attributes": {
            "availability_zone": "",
            "cidr": "192.168.0.0/16",
            "dhcp_enable": true,
            "dns_list": [
              "100.125.1.250",
              "100.125.21.250"
            ],
            "gateway_ip": "192.168.0.1",
            "id": "d041b1d1-9112-4fd7-8a73-b1829e7ead5d",
            "ipv6_cidr": "",
            "ipv6_enable": false,
            "ipv6_gateway": "",
            "ipv6_subnet_id": "",
            "name": "featbit_vpc_subnet_0",
            "primary_dns": "100.125.1.250",
            "region": "cn-north-4",
            "secondary_dns": "100.125.21.250",
            "subnet_id": "fa806022-fd9f-458f-a427-a287ab938781",
            "tags": {},
            "timeouts": null,
            "vpc_id": "52cb79e1-9a49-4616-8a6c-854665a4452c"
          },
          "sensitive_attributes": [],
          "private": "eyJlMmJmYjczMC1lY2FhLTExZTYtOGY4OC0zNDM2M2JjN2M0YzAiOnsiY3JlYXRlIjo2MDAwMDAwMDAwMDAsImRlbGV0ZSI6NjAwMDAwMDAwMDAwfX0=",
          "dependencies": [
            "huaweicloud_vpc.featbit_vpc"
          ]
        }
      ]
    }
  ],
  "check_results": null
}
