
Microsoft Visual Studio Solution File, Format Version 12.00
# Visual Studio Version 17
VisualStudioVersion = 17.6.33723.286
MinimumVisualStudioVersion = 10.0.40219.1
Project("{9A19103F-16F7-4668-BE54-9A1E7A4F7556}") = "EventSimulatorWithCPPLib", "EventSimulatorWithCPPLib.csproj", "{5A53F4A3-CAA2-4621-9FAF-99EDBED23C02}"
EndProject
Project("{9A19103F-16F7-4668-BE54-9A1E7A4F7556}") = "OpenTelemetryApm", "..\OpenTelemetryApm\OpenTelemetryApm.csproj", "{35FE8E0A-F678-4137-8D39-E1D2E3EFBC8D}"
EndProject
Global
	GlobalSection(SolutionConfigurationPlatforms) = preSolution
		Debug|Any CPU = Debug|Any CPU
		Release|Any CPU = Release|Any CPU
	EndGlobalSection
	GlobalSection(ProjectConfigurationPlatforms) = postSolution
		{5A53F4A3-CAA2-4621-9FAF-99EDBED23C02}.Debug|Any CPU.ActiveCfg = Debug|Any CPU
		{5A53F4A3-CAA2-4621-9FAF-99EDBED23C02}.Debug|Any CPU.Build.0 = Debug|Any CPU
		{5A53F4A3-CAA2-4621-9FAF-99EDBED23C02}.Release|Any CPU.ActiveCfg = Release|Any CPU
		{5A53F4A3-CAA2-4621-9FAF-99EDBED23C02}.Release|Any CPU.Build.0 = Release|Any CPU
		{35FE8E0A-F678-4137-8D39-E1D2E3EFBC8D}.Debug|Any CPU.ActiveCfg = Debug|Any CPU
		{35FE8E0A-F678-4137-8D39-E1D2E3EFBC8D}.Debug|Any CPU.Build.0 = Debug|Any CPU
		{35FE8E0A-F678-4137-8D39-E1D2E3EFBC8D}.Release|Any CPU.ActiveCfg = Release|Any CPU
		{35FE8E0A-F678-4137-8D39-E1D2E3EFBC8D}.Release|Any CPU.Build.0 = Release|Any CPU
	EndGlobalSection
	GlobalSection(SolutionProperties) = preSolution
		HideSolutionNode = FALSE
	EndGlobalSection
	GlobalSection(ExtensibilityGlobals) = postSolution
		SolutionGuid = {80AD72C1-BC12-4E5D-AC6D-1018C5F531D0}
	EndGlobalSection
EndGlobal
