
Microsoft Visual Studio Solution File, Format Version 12.00
# Visual Studio Version 17
VisualStudioVersion = 17.9.34622.214
MinimumVisualStudioVersion = 10.0.40219.1
Project("{FAE04EC0-301F-11D3-BF4B-00C04F79EFBC}") = "OptimizeReleasePipeline", "OptimizeReleasePipeline.csproj", "{15F00005-6519-4DAD-888D-488322F6F858}"
EndProject
Project("{FAE04EC0-301F-11D3-BF4B-00C04F79EFBC}") = "OptimizeReleasePipelineAPIs", "..\OptimizeReleasePipelineAPIs\OptimizeReleasePipelineAPIs.csproj", "{51FA7CA6-2993-479A-872C-393935C3CA99}"
EndProject
Global
	GlobalSection(SolutionConfigurationPlatforms) = preSolution
		Debug|Any CPU = Debug|Any CPU
		Release|Any CPU = Release|Any CPU
	EndGlobalSection
	GlobalSection(ProjectConfigurationPlatforms) = postSolution
		{15F00005-6519-4DAD-888D-488322F6F858}.Debug|Any CPU.ActiveCfg = Debug|Any CPU
		{15F00005-6519-4DAD-888D-488322F6F858}.Debug|Any CPU.Build.0 = Debug|Any CPU
		{15F00005-6519-4DAD-888D-488322F6F858}.Release|Any CPU.ActiveCfg = Release|Any CPU
		{15F00005-6519-4DAD-888D-488322F6F858}.Release|Any CPU.Build.0 = Release|Any CPU
		{51FA7CA6-2993-479A-872C-393935C3CA99}.Debug|Any CPU.ActiveCfg = Debug|Any CPU
		{51FA7CA6-2993-479A-872C-393935C3CA99}.Debug|Any CPU.Build.0 = Debug|Any CPU
		{51FA7CA6-2993-479A-872C-393935C3CA99}.Release|Any CPU.ActiveCfg = Release|Any CPU
		{51FA7CA6-2993-479A-872C-393935C3CA99}.Release|Any CPU.Build.0 = Release|Any CPU
	EndGlobalSection
	GlobalSection(SolutionProperties) = preSolution
		HideSolutionNode = FALSE
	EndGlobalSection
	GlobalSection(ExtensibilityGlobals) = postSolution
		SolutionGuid = {3D8D10A2-48DA-40D6-A411-C7FFBE8DACEA}
	EndGlobalSection
EndGlobal
