
Microsoft Visual Studio Solution File, Format Version 12.00
# Visual Studio Version 17
VisualStudioVersion = 17.7.34031.279
MinimumVisualStudioVersion = 10.0.40219.1
Project("{9A19103F-16F7-4668-BE54-9A1E7A4F7556}") = "FeatBitWeatherForecast", "FeatBitWeatherForecast\FeatBitWeatherForecast.csproj", "{DAEC2376-3F6C-41B5-B464-A22E9AC4A4FC}"
EndProject
Project("{9A19103F-16F7-4668-BE54-9A1E7A4F7556}") = "FeatBitWeatherForecastDataDogIntegrationCaller", "FeatBitWeatherForecastCaller\FeatBitWeatherForecastDataDogIntegrationCaller.csproj", "{D2638964-BB97-415A-987B-A338070822C0}"
EndProject
Project("{9A19103F-16F7-4668-BE54-9A1E7A4F7556}") = "ProgressiveRolloutAndRemoteConfig", "ProgressiveRolloutAndRemoteConfig\ProgressiveRolloutAndRemoteConfig.csproj", "{5D486795-7C8E-49D9-9669-C4B06DE65225}"
EndProject
Project("{9A19103F-16F7-4668-BE54-9A1E7A4F7556}") = "StatsigIntegration", "StatsigIntegration\StatsigIntegration.csproj", "{9DFAE7E4-9C53-40FB-9F5F-3D63520B2949}"
EndProject
Project("{9A19103F-16F7-4668-BE54-9A1E7A4F7556}") = "FeatBitNewRelicOneIntegrationDocker", "FeatBitNewRelicOneIntegrationDocker\FeatBitNewRelicOneIntegrationDocker.csproj", "{A5E70E6C-4533-4594-B0EB-DF46E6E01295}"
EndProject
Project("{9A19103F-16F7-4668-BE54-9A1E7A4F7556}") = "FeatBitNewRelicOneIntegrationCaller", "FeatBitNewRelicOneIntegrationCaller\FeatBitNewRelicOneIntegrationCaller.csproj", "{4BF3AED9-6401-4F61-8E2E-4A6148D796F6}"
EndProject
Project("{FAE04EC0-301F-11D3-BF4B-00C04F79EFBC}") = "FeatBitExperimentationTester", "FeatBitWeatherForecastABTestCaller\FeatBitExperimentationTester.csproj", "{CF2F3495-F20F-4DBE-AA90-91EEED205905}"
EndProject
Global
	GlobalSection(SolutionConfigurationPlatforms) = preSolution
		Debug|Any CPU = Debug|Any CPU
		Release|Any CPU = Release|Any CPU
	EndGlobalSection
	GlobalSection(ProjectConfigurationPlatforms) = postSolution
		{DAEC2376-3F6C-41B5-B464-A22E9AC4A4FC}.Debug|Any CPU.ActiveCfg = Debug|Any CPU
		{DAEC2376-3F6C-41B5-B464-A22E9AC4A4FC}.Debug|Any CPU.Build.0 = Debug|Any CPU
		{DAEC2376-3F6C-41B5-B464-A22E9AC4A4FC}.Release|Any CPU.ActiveCfg = Release|Any CPU
		{DAEC2376-3F6C-41B5-B464-A22E9AC4A4FC}.Release|Any CPU.Build.0 = Release|Any CPU
		{D2638964-BB97-415A-987B-A338070822C0}.Debug|Any CPU.ActiveCfg = Debug|Any CPU
		{D2638964-BB97-415A-987B-A338070822C0}.Debug|Any CPU.Build.0 = Debug|Any CPU
		{D2638964-BB97-415A-987B-A338070822C0}.Release|Any CPU.ActiveCfg = Release|Any CPU
		{D2638964-BB97-415A-987B-A338070822C0}.Release|Any CPU.Build.0 = Release|Any CPU
		{5D486795-7C8E-49D9-9669-C4B06DE65225}.Debug|Any CPU.ActiveCfg = Debug|Any CPU
		{5D486795-7C8E-49D9-9669-C4B06DE65225}.Debug|Any CPU.Build.0 = Debug|Any CPU
		{5D486795-7C8E-49D9-9669-C4B06DE65225}.Release|Any CPU.ActiveCfg = Release|Any CPU
		{5D486795-7C8E-49D9-9669-C4B06DE65225}.Release|Any CPU.Build.0 = Release|Any CPU
		{9DFAE7E4-9C53-40FB-9F5F-3D63520B2949}.Debug|Any CPU.ActiveCfg = Debug|Any CPU
		{9DFAE7E4-9C53-40FB-9F5F-3D63520B2949}.Debug|Any CPU.Build.0 = Debug|Any CPU
		{9DFAE7E4-9C53-40FB-9F5F-3D63520B2949}.Release|Any CPU.ActiveCfg = Release|Any CPU
		{9DFAE7E4-9C53-40FB-9F5F-3D63520B2949}.Release|Any CPU.Build.0 = Release|Any CPU
		{A5E70E6C-4533-4594-B0EB-DF46E6E01295}.Debug|Any CPU.ActiveCfg = Debug|Any CPU
		{A5E70E6C-4533-4594-B0EB-DF46E6E01295}.Debug|Any CPU.Build.0 = Debug|Any CPU
		{A5E70E6C-4533-4594-B0EB-DF46E6E01295}.Release|Any CPU.ActiveCfg = Release|Any CPU
		{A5E70E6C-4533-4594-B0EB-DF46E6E01295}.Release|Any CPU.Build.0 = Release|Any CPU
		{4BF3AED9-6401-4F61-8E2E-4A6148D796F6}.Debug|Any CPU.ActiveCfg = Debug|Any CPU
		{4BF3AED9-6401-4F61-8E2E-4A6148D796F6}.Debug|Any CPU.Build.0 = Debug|Any CPU
		{4BF3AED9-6401-4F61-8E2E-4A6148D796F6}.Release|Any CPU.ActiveCfg = Release|Any CPU
		{4BF3AED9-6401-4F61-8E2E-4A6148D796F6}.Release|Any CPU.Build.0 = Release|Any CPU
		{CF2F3495-F20F-4DBE-AA90-91EEED205905}.Debug|Any CPU.ActiveCfg = Debug|Any CPU
		{CF2F3495-F20F-4DBE-AA90-91EEED205905}.Debug|Any CPU.Build.0 = Debug|Any CPU
		{CF2F3495-F20F-4DBE-AA90-91EEED205905}.Release|Any CPU.ActiveCfg = Release|Any CPU
		{CF2F3495-F20F-4DBE-AA90-91EEED205905}.Release|Any CPU.Build.0 = Release|Any CPU
	EndGlobalSection
	GlobalSection(SolutionProperties) = preSolution
		HideSolutionNode = FALSE
	EndGlobalSection
	GlobalSection(ExtensibilityGlobals) = postSolution
		SolutionGuid = {E80BB816-DAC1-4BE5-8EA0-0E0B9AFBFCD2}
	EndGlobalSection
EndGlobal
